# THIS IS AN AUTOGENERATED FILE. DO NOT EDIT THIS FILE DIRECTLY.
# yarn lockfile v1


eslint-config-typescript@^3.0.0:
  version "3.0.0"
  resolved "https://registry.yarnpkg.com/eslint-config-typescript/-/eslint-config-typescript-3.0.0.tgz#13e0627f8c5aa8d58b5a01eeddd0a726a259c4b5"
  integrity sha512-CwC2cQ29OLE1OUw0k+Twpc6wpCdenG8rrErl89sWrzmMpWfkulyeQS1HJhhjU0B3Tb4k41zdei4LtX26x5m60Q==
